
Microsoft Visual Studio Solution File, Format Version 12.00
Project("{FAE04EC0-301F-11D3-BF4B-00C04F79EFBC}") = "CharacterGenerator", "CharacterGenerator\CharacterGenerator.csproj", "{A0DC7489-DB83-44C3-91EE-54D20247E594}"
EndProject
Global
	GlobalSection(SolutionConfigurationPlatforms) = preSolution
		Debug|Any CPU = Debug|Any CPU
		Release|Any CPU = Release|Any CPU
	EndGlobalSection
	GlobalSection(ProjectConfigurationPlatforms) = postSolution
		{A0DC7489-DB83-44C3-91EE-54D20247E594}.Debug|Any CPU.ActiveCfg = Debug|Any CPU
		{A0DC7489-DB83-44C3-91EE-54D20247E594}.Debug|Any CPU.Build.0 = Debug|Any CPU
		{A0DC7489-DB83-44C3-91EE-54D20247E594}.Release|Any CPU.ActiveCfg = Release|Any CPU
		{A0DC7489-DB83-44C3-91EE-54D20247E594}.Release|Any CPU.Build.0 = Release|Any CPU
	EndGlobalSection
EndGlobal
